// !$*UTF8*$!
{
	archiveVersion = 1;
	classes = {
	};
	objectVersion = 50;
	objects = {

/* Begin PBXBuildFile section */
		5DACE0E02354A74200E60396 /* AppDelegate.swift in Sources */ = {isa = PBXBuildFile; fileRef = 5DACE0DF2354A74200E60396 /* AppDelegate.swift */; };
		5DACE0E22354A74200E60396 /* ViewController.swift in Sources */ = {isa = PBXBuildFile; fileRef = 5DACE0E12354A74200E60396 /* ViewController.swift */; };
		5DACE0E52354A74200E60396 /* Main.storyboard in Resources */ = {isa = PBXBuildFile; fileRef = 5DACE0E32354A74200E60396 /* Main.storyboard */; };
		5DACE0E72354A74B00E60396 /* Assets.xcassets in Resources */ = {isa = PBXBuildFile; fileRef = 5DACE0E62354A74B00E60396 /* Assets.xcassets */; };
		5DACE0EA2354A74B00E60396 /* LaunchScreen.storyboard in Resources */ = {isa = PBXBuildFile; fileRef = 5DACE0E82354A74B00E60396 /* LaunchScreen.storyboard */; };
		5DACE0F52354A74B00E60396 /* AppTests.swift in Sources */ = {isa = PBXBuildFile; fileRef = 5DACE0F42354A74B00E60396 /* AppTests.swift */; };
		5DACE1002354A74B00E60396 /* AppUITests.swift in Sources */ = {isa = PBXBuildFile; fileRef = 5DACE0FF2354A74B00E60396 /* AppUITests.swift */; };
		5DACE10E2354B42400E60396 /* space.jpg in Resources */ = {isa = PBXBuildFile; fileRef = 5DACE10D2354B42400E60396 /* space.jpg */; };
		5DACE1102354B6FF00E60396 /* Copenhagen_Suborbitals_logo.png in Resources */ = {isa = PBXBuildFile; fileRef = 5DACE10F2354B6FF00E60396 /* Copenhagen_Suborbitals_logo.png */; };
/* End PBXBuildFile section */

/* Begin PBXContainerItemProxy section */
		5DACE0F12354A74B00E60396 /* PBXContainerItemProxy */ = {
			isa = PBXContainerItemProxy;
			containerPortal = 5DACE0D42354A74200E60396 /* Project object */;
			proxyType = 1;
			remoteGlobalIDString = 5DACE0DB2354A74200E60396;
			remoteInfo = App;
		};
		5DACE0FC2354A74B00E60396 /* PBXContainerItemProxy */ = {
			isa = PBXContainerItemProxy;
			containerPortal = 5DACE0D42354A74200E60396 /* Project object */;
			proxyType = 1;
			remoteGlobalIDString = 5DACE0DB2354A74200E60396;
			remoteInfo = App;
		};
/* End PBXContainerItemProxy section */

/* Begin PBXFileReference section */
		5DACE0DC2354A74200E60396 /* App.app */ = {isa = PBXFileReference; explicitFileType = wrapper.application; includeInIndex = 0; path = App.app; sourceTree = BUILT_PRODUCTS_DIR; };
		5DACE0DF2354A74200E60396 /* AppDelegate.swift */ = {isa = PBXFileReference; lastKnownFileType = sourcecode.swift; path = AppDelegate.swift; sourceTree = "<group>"; };
		5DACE0E12354A74200E60396 /* ViewController.swift */ = {isa = PBXFileReference; lastKnownFileType = sourcecode.swift; path = ViewController.swift; sourceTree = "<group>"; };
		5DACE0E42354A74200E60396 /* Base */ = {isa = PBXFileReference; lastKnownFileType = file.storyboard; name = Base; path = Base.lproj/Main.storyboard; sourceTree = "<group>"; };
		5DACE0E62354A74B00E60396 /* Assets.xcassets */ = {isa = PBXFileReference; lastKnownFileType = folder.assetcatalog; path = Assets.xcassets; sourceTree = "<group>"; };
		5DACE0E92354A74B00E60396 /* Base */ = {isa = PBXFileReference; lastKnownFileType = file.storyboard; name = Base; path = Base.lproj/LaunchScreen.storyboard; sourceTree = "<group>"; };
		5DACE0EB2354A74B00E60396 /* Info.plist */ = {isa = PBXFileReference; lastKnownFileType = text.plist.xml; path = Info.plist; sourceTree = "<group>"; };
		5DACE0F02354A74B00E60396 /* AppTests.xctest */ = {isa = PBXFileReference; explicitFileType = wrapper.cfbundle; includeInIndex = 0; path = AppTests.xctest; sourceTree = BUILT_PRODUCTS_DIR; };
		5DACE0F42354A74B00E60396 /* AppTests.swift */ = {isa = PBXFileReference; lastKnownFileType = sourcecode.swift; path = AppTests.swift; sourceTree = "<group>"; };
		5DACE0F62354A74B00E60396 /* Info.plist */ = {isa = PBXFileReference; lastKnownFileType = text.plist.xml; path = Info.plist; sourceTree = "<group>"; };
		5DACE0FB2354A74B00E60396 /* AppUITests.xctest */ = {isa = PBXFileReference; explicitFileType = wrapper.cfbundle; includeInIndex = 0; path = AppUITests.xctest; sourceTree = BUILT_PRODUCTS_DIR; };
		5DACE0FF2354A74B00E60396 /* AppUITests.swift */ = {isa = PBXFileReference; lastKnownFileType = sourcecode.swift; path = AppUITests.swift; sourceTree = "<group>"; };
		5DACE1012354A74B00E60396 /* Info.plist */ = {isa = PBXFileReference; lastKnownFileType = text.plist.xml; path = Info.plist; sourceTree = "<group>"; };
		5DACE10D2354B42400E60396 /* space.jpg */ = {isa = PBXFileReference; lastKnownFileType = image.jpeg; name = space.jpg; path = ../../../Downloads/space.jpg; sourceTree = "<group>"; };
		5DACE10F2354B6FF00E60396 /* Copenhagen_Suborbitals_logo.png */ = {isa = PBXFileReference; lastKnownFileType = image.png; name = Copenhagen_Suborbitals_logo.png; path = ../../../Downloads/Copenhagen_Suborbitals_logo.png; sourceTree = "<group>"; };
/* End PBXFileReference section */

/* Begin PBXFrameworksBuildPhase section */
		5DACE0D92354A74200E60396 /* Frameworks */ = {
			isa = PBXFrameworksBuildPhase;
			buildActionMask = 2147483647;
			files = (
			);
			runOnlyForDeploymentPostprocessing = 0;
		};
		5DACE0ED2354A74B00E60396 /* Frameworks */ = {
			isa = PBXFrameworksBuildPhase;
			buildActionMask = 2147483647;
			files = (
			);
			runOnlyForDeploymentPostprocessing = 0;
		};
		5DACE0F82354A74B00E60396 /* Frameworks */ = {
			isa = PBXFrameworksBuildPhase;
			buildActionMask = 2147483647;
			files = (
			);
			runOnlyForDeploymentPostprocessing = 0;
		};
/* End PBXFrameworksBuildPhase section */

/* Begin PBXGroup section */
		5DACE0D32354A74200E60396 = {
			isa = PBXGroup;
			children = (
				5DACE0DE2354A74200E60396 /* App */,
				5DACE0F32354A74B00E60396 /* AppTests */,
				5DACE0FE2354A74B00E60396 /* AppUITests */,
				5DACE0DD2354A74200E60396 /* Products */,
			);
			sourceTree = "<group>";
		};
		5DACE0DD2354A74200E60396 /* Products */ = {
			isa = PBXGroup;
			children = (
				5DACE0DC2354A74200E60396 /* App.app */,
				5DACE0F02354A74B00E60396 /* AppTests.xctest */,
				5DACE0FB2354A74B00E60396 /* AppUITests.xctest */,
			);
			name = Products;
			sourceTree = "<group>";
		};
		5DACE0DE2354A74200E60396 /* App */ = {
			isa = PBXGroup;
			children = (
				5DACE0DF2354A74200E60396 /* AppDelegate.swift */,
				5DACE0E12354A74200E60396 /* ViewController.swift */,
				5DACE10F2354B6FF00E60396 /* Copenhagen_Suborbitals_logo.png */,
				5DACE10D2354B42400E60396 /* space.jpg */,
				5DACE0E32354A74200E60396 /* Main.storyboard */,
				5DACE0E62354A74B00E60396 /* Assets.xcassets */,
				5DACE0E82354A74B00E60396 /* LaunchScreen.storyboard */,
				5DACE0EB2354A74B00E60396 /* Info.plist */,
			);
			path = App;
			sourceTree = "<group>";
		};
		5DACE0F32354A74B00E60396 /* AppTests */ = {
			isa = PBXGroup;
			children = (
				5DACE0F42354A74B00E60396 /* AppTests.swift */,
				5DACE0F62354A74B00E60396 /* Info.plist */,
			);
			path = AppTests;
			sourceTree = "<group>";
		};
		5DACE0FE2354A74B00E60396 /* AppUITests */ = {
			isa = PBXGroup;
			children = (
				5DACE0FF2354A74B00E60396 /* AppUITests.swift */,
				5DACE1012354A74B00E60396 /* Info.plist */,
			);
			path = AppUITests;
			sourceTree = "<group>";
		};
/* End PBXGroup section */

/* Begin PBXNativeTarget section */
		5DACE0DB2354A74200E60396 /* App */ = {
			isa = PBXNativeTarget;
			buildConfigurationList = 5DACE1042354A74B00E60396 /* Build configuration list for PBXNativeTarget "App" */;
			buildPhases = (
				5DACE0D82354A74200E60396 /* Sources */,
				5DACE0D92354A74200E60396 /* Frameworks */,
				5DACE0DA2354A74200E60396 /* Resources */,
			);
			buildRules = (
			);
			dependencies = (
			);
			name = App;
			productName = App;
			productReference = 5DACE0DC2354A74200E60396 /* App.app */;
			productType = "com.apple.product-type.application";
		};
		5DACE0EF2354A74B00E60396 /* AppTests */ = {
			isa = PBXNativeTarget;
			buildConfigurationList = 5DACE1072354A74B00E60396 /* Build configuration list for PBXNativeTarget "AppTests" */;
			buildPhases = (
				5DACE0EC2354A74B00E60396 /* Sources */,
				5DACE0ED2354A74B00E60396 /* Frameworks */,
				5DACE0EE2354A74B00E60396 /* Resources */,
			);
			buildRules = (
			);
			dependencies = (
				5DACE0F22354A74B00E60396 /* PBXTargetDependency */,
			);
			name = AppTests;
			productName = AppTests;
			productReference = 5DACE0F02354A74B00E60396 /* AppTests.xctest */;
			productType = "com.apple.product-type.bundle.unit-test";
		};
		5DACE0FA2354A74B00E60396 /* AppUITests */ = {
			isa = PBXNativeTarget;
			buildConfigurationList = 5DACE10A2354A74B00E60396 /* Build configuration list for PBXNativeTarget "AppUITests" */;
			buildPhases = (
				5DACE0F72354A74B00E60396 /* Sources */,
				5DACE0F82354A74B00E60396 /* Frameworks */,
				5DACE0F92354A74B00E60396 /* Resources */,
			);
			buildRules = (
			);
			dependencies = (
				5DACE0FD2354A74B00E60396 /* PBXTargetDependency */,
			);
			name = AppUITests;
			productName = AppUITests;
			productReference = 5DACE0FB2354A74B00E60396 /* AppUITests.xctest */;
			productType = "com.apple.product-type.bundle.ui-testing";
		};
/* End PBXNativeTarget section */

/* Begin PBXProject section */
		5DACE0D42354A74200E60396 /* Project object */ = {
			isa = PBXProject;
			attributes = {
				LastSwiftUpdateCheck = 0940;
				LastUpgradeCheck = 0940;
				ORGANIZATIONNAME = SUPINT_12;
				TargetAttributes = {
					5DACE0DB2354A74200E60396 = {
						CreatedOnToolsVersion = 9.4.1;
					};
					5DACE0EF2354A74B00E60396 = {
						CreatedOnToolsVersion = 9.4.1;
						TestTargetID = 5DACE0DB2354A74200E60396;
					};
					5DACE0FA2354A74B00E60396 = {
						CreatedOnToolsVersion = 9.4.1;
						TestTargetID = 5DACE0DB2354A74200E60396;
					};
				};
			};
			buildConfigurationList = 5DACE0D72354A74200E60396 /* Build configuration list for PBXProject "App" */;
			compatibilityVersion = "Xcode 9.3";
			developmentRegion = en;
			hasScannedForEncodings = 0;
			knownRegions = (
				en,
				Base,
			);
			mainGroup = 5DACE0D32354A74200E60396;
			productRefGroup = 5DACE0DD2354A74200E60396 /* Products */;
			projectDirPath = "";
			projectRoot = "";
			targets = (
				5DACE0DB2354A74200E60396 /* App */,
				5DACE0EF2354A74B00E60396 /* AppTests */,
				5DACE0FA2354A74B00E60396 /* AppUITests */,
			);
		};
/* End PBXProject section */

/* Begin PBXResourcesBuildPhase section */
		5DACE0DA2354A74200E60396 /* Resources */ = {
			isa = PBXResourcesBuildPhase;
			buildActionMask = 2147483647;
			files = (
				5DACE10E2354B42400E60396 /* space.jpg in Resources */,
				5DACE0EA2354A74B00E60396 /* LaunchScreen.storyboard in Resources */,
				5DACE0E72354A74B00E60396 /* Assets.xcassets in Resources */,
				5DACE0E52354A74200E60396 /* Main.storyboard in Resources */,
				5DACE1102354B6FF00E60396 /* Copenhagen_Suborbitals_logo.png in Resources */,
			);
			runOnlyForDeploymentPostprocessing = 0;
		};
		5DACE0EE2354A74B00E60396 /* Resources */ = {
			isa = PBXResourcesBuildPhase;
			buildActionMask = 2147483647;
			files = (
			);
			runOnlyForDeploymentPostprocessing = 0;
		};
		5DACE0F92354A74B00E60396 /* Resources */ = {
			isa = PBXResourcesBuildPhase;
			buildActionMask = 2147483647;
			files = (
			);
			runOnlyForDeploymentPostprocessing = 0;
		};
/* End PBXResourcesBuildPhase section */

/* Begin PBXSourcesBuildPhase section */
		5DACE0D82354A74200E60396 /* Sources */ = {
			isa = PBXSourcesBuildPhase;
			buildActionMask = 2147483647;
			files = (
				5DACE0E22354A74200E60396 /* ViewController.swift in Sources */,
				5DACE0E02354A74200E60396 /* AppDelegate.swift in Sources */,
			);
			runOnlyForDeploymentPostprocessing = 0;
		};
		5DACE0EC2354A74B00E60396 /* Sources */ = {
			isa = PBXSourcesBuildPhase;
			buildActionMask = 2147483647;
			files = (
				5DACE0F52354A74B00E60396 /* AppTests.swift in Sources */,
			);
			runOnlyForDeploymentPostprocessing = 0;
		};
		5DACE0F72354A74B00E60396 /* Sources */ = {
			isa = PBXSourcesBuildPhase;
			buildActionMask = 2147483647;
			files = (
				5DACE1002354A74B00E60396 /* AppUITests.swift in Sources */,
			);
			runOnlyForDeploymentPostprocessing = 0;
		};
/* End PBXSourcesBuildPhase section */

/* Begin PBXTargetDependency section */
		5DACE0F22354A74B00E60396 /* PBXTargetDependency */ = {
			isa = PBXTargetDependency;
			target = 5DACE0DB2354A74200E60396 /* App */;
			targetProxy = 5DACE0F12354A74B00E60396 /* PBXContainerItemProxy */;
		};
		5DACE0FD2354A74B00E60396 /* PBXTargetDependency */ = {
			isa = PBXTargetDependency;
			target = 5DACE0DB2354A74200E60396 /* App */;
			targetProxy = 5DACE0FC2354A74B00E60396 /* PBXContainerItemProxy */;
		};
/* End PBXTargetDependency section */

/* Begin PBXVariantGroup section */
		5DACE0E32354A74200E60396 /* Main.storyboard */ = {
			isa = PBXVariantGroup;
			children = (
				5DACE0E42354A74200E60396 /* Base */,
			);
			name = Main.storyboard;
			sourceTree = "<group>";
		};
		5DACE0E82354A74B00E60396 /* LaunchScreen.storyboard */ = {
			isa = PBXVariantGroup;
			children = (
				5DACE0E92354A74B00E60396 /* Base */,
			);
			name = LaunchScreen.storyboard;
			sourceTree = "<group>";
		};
/* End PBXVariantGroup section */

/* Begin XCBuildConfiguration section */
		5DACE1022354A74B00E60396 /* Debug */ = {
			isa = XCBuildConfiguration;
			buildSettings = {
				ALWAYS_SEARCH_USER_PATHS = NO;
				CLANG_ANALYZER_NONNULL = YES;
				CLANG_ANALYZER_NUMBER_OBJECT_CONVERSION = YES_AGGRESSIVE;
				CLANG_CXX_LANGUAGE_STANDARD = "gnu++14";
				CLANG_CXX_LIBRARY = "libc++";
				CLANG_ENABLE_MODULES = YES;
				CLANG_ENABLE_OBJC_ARC = YES;
				CLANG_ENABLE_OBJC_WEAK = YES;
				CLANG_WARN_BLOCK_CAPTURE_AUTORELEASING = YES;
				CLANG_WARN_BOOL_CONVERSION = YES;
				CLANG_WARN_COMMA = YES;
				CLANG_WARN_CONSTANT_CONVERSION = YES;
				CLANG_WARN_DEPRECATED_OBJC_IMPLEMENTATIONS = YES;
				CLANG_WARN_DIRECT_OBJC_ISA_USAGE = YES_ERROR;
				CLANG_WARN_DOCUMENTATION_COMMENTS = YES;
				CLANG_WARN_EMPTY_BODY = YES;
				CLANG_WARN_ENUM_CONVERSION = YES;
				CLANG_WARN_INFINITE_RECURSION = YES;
				CLANG_WARN_INT_CONVERSION = YES;
				CLANG_WARN_NON_LITERAL_NULL_CONVERSION = YES;
				CLANG_WARN_OBJC_IMPLICIT_RETAIN_SELF = YES;
				CLANG_WARN_OBJC_LITERAL_CONVERSION = YES;
				CLANG_WARN_OBJC_ROOT_CLASS = YES_ERROR;
				CLANG_WARN_RANGE_LOOP_ANALYSIS = YES;
				CLANG_WARN_STRICT_PROTOTYPES = YES;
				CLANG_WARN_SUSPICIOUS_MOVE = YES;
				CLANG_WARN_UNGUARDED_AVAILABILITY = YES_AGGRESSIVE;
				CLANG_WARN_UNREACHABLE_CODE = YES;
				CLANG_WARN__DUPLICATE_METHOD_MATCH = YES;
				CODE_SIGN_IDENTITY = "iPhone Developer";
				COPY_PHASE_STRIP = NO;
				DEBUG_INFORMATION_FORMAT = dwarf;
				ENABLE_STRICT_OBJC_MSGSEND = YES;
				ENABLE_TESTABILITY = YES;
				GCC_C_LANGUAGE_STANDARD = gnu11;
				GCC_DYNAMIC_NO_PIC = NO;
				GCC_NO_COMMON_BLOCKS = YES;
				GCC_OPTIMIZATION_LEVEL = 0;
				GCC_PREPROCESSOR_DEFINITIONS = (
					"DEBUG=1",
					"$(inherited)",
				);
				GCC_WARN_64_TO_32_BIT_CONVERSION = YES;
				GCC_WARN_ABOUT_RETURN_TYPE = YES_ERROR;
				GCC_WARN_UNDECLARED_SELECTOR = YES;
				GCC_WARN_UNINITIALIZED_AUTOS = YES_AGGRESSIVE;
				GCC_WARN_UNUSED_FUNCTION = YES;
				GCC_WARN_UNUSED_VARIABLE = YES;
				IPHONEOS_DEPLOYMENT_TARGET = 11.4;
				MTL_ENABLE_DEBUG_INFO = YES;
				ONLY_ACTIVE_ARCH = YES;
				SDKROOT = iphoneos;
				SWIFT_ACTIVE_COMPILATION_CONDITIONS = DEBUG;
				SWIFT_OPTIMIZATION_LEVEL = "-Onone";
			};
			name = Debug;
		};
		5DACE1032354A74B00E60396 /* Release */ = {
			isa = XCBuildConfiguration;
			buildSettings = {
				ALWAYS_SEARCH_USER_PATHS = NO;
				CLANG_ANALYZER_NONNULL = YES;
				CLANG_ANALYZER_NUMBER_OBJECT_CONVERSION = YES_AGGRESSIVE;
				CLANG_CXX_LANGUAGE_STANDARD = "gnu++14";
				CLANG_CXX_LIBRARY = "libc++";
				CLANG_ENABLE_MODULES = YES;
				CLANG_ENABLE_OBJC_ARC = YES;
				CLANG_ENABLE_OBJC_WEAK = YES;
				CLANG_WARN_BLOCK_CAPTURE_AUTORELEASING = YES;
				CLANG_WARN_BOOL_CONVERSION = YES;
				CLANG_WARN_COMMA = YES;
				CLANG_WARN_CONSTANT_CONVERSION = YES;
				CLANG_WARN_DEPRECATED_OBJC_IMPLEMENTATIONS = YES;
				CLANG_WARN_DIRECT_OBJC_ISA_USAGE = YES_ERROR;
				CLANG_WARN_DOCUMENTATION_COMMENTS = YES;
				CLANG_WARN_EMPTY_BODY = YES;
				CLANG_WARN_ENUM_CONVERSION = YES;
				CLANG_WARN_INFINITE_RECURSION = YES;
				CLANG_WARN_INT_CONVERSION = YES;
				CLANG_WARN_NON_LITERAL_NULL_CONVERSION = YES;
				CLANG_WARN_OBJC_IMPLICIT_RETAIN_SELF = YES;
				CLANG_WARN_OBJC_LITERAL_CONVERSION = YES;
				CLANG_WARN_OBJC_ROOT_CLASS = YES_ERROR;
				CLANG_WARN_RANGE_LOOP_ANALYSIS = YES;
				CLANG_WARN_STRICT_PROTOTYPES = YES;
				CLANG_WARN_SUSPICIOUS_MOVE = YES;
				CLANG_WARN_UNGUARDED_AVAILABILITY = YES_AGGRESSIVE;
				CLANG_WARN_UNREACHABLE_CODE = YES;
				CLANG_WARN__DUPLICATE_METHOD_MATCH = YES;
				CODE_SIGN_IDENTITY = "iPhone Developer";
				COPY_PHASE_STRIP = NO;
				DEBUG_INFORMATION_FORMAT = "dwarf-with-dsym";
				ENABLE_NS_ASSERTIONS = NO;
				ENABLE_STRICT_OBJC_MSGSEND = YES;
				GCC_C_LANGUAGE_STANDARD = gnu11;
				GCC_NO_COMMON_BLOCKS = YES;
				GCC_WARN_64_TO_32_BIT_CONVERSION = YES;
				GCC_WARN_ABOUT_RETURN_TYPE = YES_ERROR;
				GCC_WARN_UNDECLARED_SELECTOR = YES;
				GCC_WARN_UNINITIALIZED_AUTOS = YES_AGGRESSIVE;
				GCC_WARN_UNUSED_FUNCTION = YES;
				GCC_WARN_UNUSED_VARIABLE = YES;
				IPHONEOS_DEPLOYMENT_TARGET = 11.4;
				MTL_ENABLE_DEBUG_INFO = NO;
				SDKROOT = iphoneos;
				SWIFT_COMPILATION_MODE = wholemodule;
				SWIFT_OPTIMIZATION_LEVEL = "-O";
				VALIDATE_PRODUCT = YES;
			};
			name = Release;
		};
		5DACE1052354A74B00E60396 /* Debug */ = {
			isa = XCBuildConfiguration;
			buildSettings = {
				ASSETCATALOG_COMPILER_APPICON_NAME = AppIcon;
				CODE_SIGN_STYLE = Automatic;
				INFOPLIST_FILE = App/Info.plist;
				LD_RUNPATH_SEARCH_PATHS = (
					"$(inherited)",
					"@executable_path/Frameworks",
				);
				PRODUCT_BUNDLE_IDENTIFIER = sup.App;
				PRODUCT_NAME = "$(TARGET_NAME)";
				SWIFT_VERSION = 4.0;
				TARGETED_DEVICE_FAMILY = "1,2";
			};
			name = Debug;
		};
		5DACE1062354A74B00E60396 /* Release */ = {
			isa = XCBuildConfiguration;
			buildSettings = {
				ASSETCATALOG_COMPILER_APPICON_NAME = AppIcon;
				CODE_SIGN_STYLE = Automatic;
				INFOPLIST_FILE = App/Info.plist;
				LD_RUNPATH_SEARCH_PATHS = (
					"$(inherited)",
					"@executable_path/Frameworks",
				);
				PRODUCT_BUNDLE_IDENTIFIER = sup.App;
				PRODUCT_NAME = "$(TARGET_NAME)";
				SWIFT_VERSION = 4.0;
				TARGETED_DEVICE_FAMILY = "1,2";
			};
			name = Release;
		};
		5DACE1082354A74B00E60396 /* Debug */ = {
			isa = XCBuildConfiguration;
			buildSettings = {
				ALWAYS_EMBED_SWIFT_STANDARD_LIBRARIES = YES;
				BUNDLE_LOADER = "$(TEST_HOST)";
				CODE_SIGN_STYLE = Automatic;
				INFOPLIST_FILE = AppTests/Info.plist;
				LD_RUNPATH_SEARCH_PATHS = (
					"$(inherited)",
					"@executable_path/Frameworks",
					"@loader_path/Frameworks",
				);
				PRODUCT_BUNDLE_IDENTIFIER = sup.AppTests;
				PRODUCT_NAME = "$(TARGET_NAME)";
				SWIFT_VERSION = 4.0;
				TARGETED_DEVICE_FAMILY = "1,2";
				TEST_HOST = "$(BUILT_PRODUCTS_DIR)/App.app/App";
			};
			name = Debug;
		};
		5DACE1092354A74B00E60396 /* Release */ = {
			isa = XCBuildConfiguration;
			buildSettings = {
				ALWAYS_EMBED_SWIFT_STANDARD_LIBRARIES = YES;
				BUNDLE_LOADER = "$(TEST_HOST)";
				CODE_SIGN_STYLE = Automatic;
				INFOPLIST_FILE = AppTests/Info.plist;
				LD_RUNPATH_SEARCH_PATHS = (
					"$(inherited)",
					"@executable_path/Frameworks",
					"@loader_path/Frameworks",
				);
				PRODUCT_BUNDLE_IDENTIFIER = sup.AppTests;
				PRODUCT_NAME = "$(TARGET_NAME)";
				SWIFT_VERSION = 4.0;
				TARGETED_DEVICE_FAMILY = "1,2";
				TEST_HOST = "$(BUILT_PRODUCTS_DIR)/App.app/App";
			};
			name = Release;
		};
		5DACE10B2354A74B00E60396 /* Debug */ = {
			isa = XCBuildConfiguration;
			buildSettings = {
				ALWAYS_EMBED_SWIFT_STANDARD_LIBRARIES = YES;
				CODE_SIGN_STYLE = Automatic;
				INFOPLIST_FILE = AppUITests/Info.plist;
				LD_RUNPATH_SEARCH_PATHS = (
					"$(inherited)",
					"@executable_path/Frameworks",
					"@loader_path/Frameworks",
				);
				PRODUCT_BUNDLE_IDENTIFIER = sup.AppUITests;
				PRODUCT_NAME = "$(TARGET_NAME)";
				SWIFT_VERSION = 4.0;
				TARGETED_DEVICE_FAMILY = "1,2";
				TEST_TARGET_NAME = App;
			};
			name = Debug;
		};
		5DACE10C2354A74B00E60396 /* Release */ = {
			isa = XCBuildConfiguration;
			buildSettings = {
				ALWAYS_EMBED_SWIFT_STANDARD_LIBRARIES = YES;
				CODE_SIGN_STYLE = Automatic;
				INFOPLIST_FILE = AppUITests/Info.plist;
				LD_RUNPATH_SEARCH_PATHS = (
					"$(inherited)",
					"@executable_path/Frameworks",
					"@loader_path/Frameworks",
				);
				PRODUCT_BUNDLE_IDENTIFIER = sup.AppUITests;
				PRODUCT_NAME = "$(TARGET_NAME)";
				SWIFT_VERSION = 4.0;
				TARGETED_DEVICE_FAMILY = "1,2";
				TEST_TARGET_NAME = App;
			};
			name = Release;
		};
/* End XCBuildConfiguration section */

/* Begin XCConfigurationList section */
		5DACE0D72354A74200E60396 /* Build configuration list for PBXProject "App" */ = {
			isa = XCConfigurationList;
			buildConfigurations = (
				5DACE1022354A74B00E60396 /* Debug */,
				5DACE1032354A74B00E60396 /* Release */,
			);
			defaultConfigurationIsVisible = 0;
			defaultConfigurationName = Release;
		};
		5DACE1042354A74B00E60396 /* Build configuration list for PBXNativeTarget "App" */ = {
			isa = XCConfigurationList;
			buildConfigurations = (
				5DACE1052354A74B00E60396 /* Debug */,
				5DACE1062354A74B00E60396 /* Release */,
			);
			defaultConfigurationIsVisible = 0;
			defaultConfigurationName = Release;
		};
		5DACE1072354A74B00E60396 /* Build configuration list for PBXNativeTarget "AppTests" */ = {
			isa = XCConfigurationList;
			buildConfigurations = (
				5DACE1082354A74B00E60396 /* Debug */,
				5DACE1092354A74B00E60396 /* Release */,
			);
			defaultConfigurationIsVisible = 0;
			defaultConfigurationName = Release;
		};
		5DACE10A2354A74B00E60396 /* Build configuration list for PBXNativeTarget "AppUITests" */ = {
			isa = XCConfigurationList;
			buildConfigurations = (
				5DACE10B2354A74B00E60396 /* Debug */,
				5DACE10C2354A74B00E60396 /* Release */,
			);
			defaultConfigurationIsVisible = 0;
			defaultConfigurationName = Release;
		};
/* End XCConfigurationList section */
	};
	rootObject = 5DACE0D42354A74200E60396 /* Project object */;
}
